<?xml version="1.0" encoding="utf-8"?>
<Project ToolsVersion="4.0" xmlns="http://schemas.microsoft.com/developer/msbuild/2003">
  <ItemGroup>
    <Filter Include="Source Files">
      <UniqueIdentifier>{eb426eb9-86d3-40c3-a423-6b62d46eedd2}</UniqueIdentifier>
    </Filter>
    <Filter Include="Generated Files">
      <UniqueIdentifier>{a6814614-be5f-4c2b-8fcf-32d0e73654a4}</UniqueIdentifier>
      <SourceControlFiles>False</SourceControlFiles>
    </Filter>
  </ItemGroup>
  <ItemGroup>
    <None Include="SpookShlExtps.def" />
  </ItemGroup>
  <ItemGroup>
    <ClCompile Include="SpookShlExt_i.c">
      <Filter>Generated Files</Filter>
    </ClCompile>
    <ClCompile Include="SpookShlExt_p.c">
      <Filter>Generated Files</Filter>
    </ClCompile>
    <ClCompile Include="dlldata.c">
      <Filter>Generated Files</Filter>
    </ClCompile>
  </ItemGroup>
</Project>